
Microsoft Visual Studio Solution File, Format Version 12.00
# Visual Studio Version 16
VisualStudioVersion = 16.0.30611.23
MinimumVisualStudioVersion = 10.0.40219.1
Project("{FAE04EC0-301F-11D3-BF4B-00C04F79EFBC}") = "Less002_Task3", "Less002_Task3\Less002_Task3.csproj", "{E44DBB04-8058-46D9-8139-8FBE4E64AECD}"
EndProject
Global
	GlobalSection(SolutionConfigurationPlatforms) = preSolution
		Debug|Any CPU = Debug|Any CPU
		Release|Any CPU = Release|Any CPU
	EndGlobalSection
	GlobalSection(ProjectConfigurationPlatforms) = postSolution
		{E44DBB04-8058-46D9-8139-8FBE4E64AECD}.Debug|Any CPU.ActiveCfg = Debug|Any CPU
		{E44DBB04-8058-46D9-8139-8FBE4E64AECD}.Debug|Any CPU.Build.0 = Debug|Any CPU
		{E44DBB04-8058-46D9-8139-8FBE4E64AECD}.Release|Any CPU.ActiveCfg = Release|Any CPU
		{E44DBB04-8058-46D9-8139-8FBE4E64AECD}.Release|Any CPU.Build.0 = Release|Any CPU
	EndGlobalSection
	GlobalSection(SolutionProperties) = preSolution
		HideSolutionNode = FALSE
	EndGlobalSection
	GlobalSection(ExtensibilityGlobals) = postSolution
		SolutionGuid = {D853F862-B824-47C3-9C23-1F4D3BCE2CDE}
	EndGlobalSection
EndGlobal
